github.com/google/uuid v1.6.0 h1:NIvaJDMOsjHA8n1jAhLSgzrAzy1Hgr+hNrb57e+94F0=
github.com/google/uuid v1.6.0/go.mod h1:TIyPZe4MgqvfeYDBFedMoGGpEw/LqOeaOT+nhxU+yHo=
github.com/gorilla/websocket v1.5.3 h1:saDtZ6Pbx/0u+bgYQ3q96pZgCzfhKXGPqt7kZ72aNNg=
github.com/gorilla/websocket v1.5.3/go.mod h1:YR8l580nyteQvAITg2hZ9XVh4b55+EU/adAjf1fMHhE=
github.com/ttrnecka/agent_poc v0.0.0-20250720155434-410cd722e8e8 h1:Z3a5daA0fdFCkS6h0inwnKNq3/2jdgwKuRcsJDSWD7w=
github.com/ttrnecka/agent_poc v0.0.0-20250720155434-410cd722e8e8/go.mod h1:FGdBDIexAXUgMhiJOCs6N7rnEmzm4ziVr+yoMSPWD8E=
github.com/ttrnecka/agent_poc v0.0.0-20250720173521-642ea6b2bfaf h1:954UuPjcMQEYCMYh7ITvatzrXI2qhOjHjvJCOiVPJbU=
github.com/ttrnecka/agent_poc v0.0.0-20250720173521-642ea6b2bfaf/go.mod h1:FGdBDIexAXUgMhiJOCs6N7rnEmzm4ziVr+yoMSPWD8E=
