github.com/google/shlex v0.0.0-20191202100458-e7afc7fbc510 h1:El6M4kTTCOh6aBiKaUGG7oYTSPP8MxqL4YI3kZKwcP4=
github.com/google/shlex v0.0.0-20191202100458-e7afc7fbc510/go.mod h1:pupxD2MaaD3pAXIBCelhxNneeOaAeabZDe5s4K6zSpQ=
github.com/google/uuid v1.6.0 h1:NIvaJDMOsjHA8n1jAhLSgzrAzy1Hgr+hNrb57e+94F0=
github.com/google/uuid v1.6.0/go.mod h1:TIyPZe4MgqvfeYDBFedMoGGpEw/LqOeaOT+nhxU+yHo=
github.com/gorilla/websocket v1.5.3 h1:saDtZ6Pbx/0u+bgYQ3q96pZgCzfhKXGPqt7kZ72aNNg=
github.com/gorilla/websocket v1.5.3/go.mod h1:YR8l580nyteQvAITg2hZ9XVh4b55+EU/adAjf1fMHhE=
github.com/ttrnecka/agent_poc v0.0.3 h1:TQfq1fPKvbuMrpgwRzacfWXCk8BaAzohkuzaw4fedD0=
github.com/ttrnecka/agent_poc v0.0.3/go.mod h1:FGdBDIexAXUgMhiJOCs6N7rnEmzm4ziVr+yoMSPWD8E=
github.com/ttrnecka/agent_poc v0.0.4 h1:Lc4j2zks38oTt38fpW/nCBpBCrQdLmECUMjpQx2voqI=
github.com/ttrnecka/agent_poc v0.0.4/go.mod h1:FGdBDIexAXUgMhiJOCs6N7rnEmzm4ziVr+yoMSPWD8E=
