github.com/google/uuid v1.6.0 h1:NIvaJDMOsjHA8n1jAhLSgzrAzy1Hgr+hNrb57e+94F0=
github.com/google/uuid v1.6.0/go.mod h1:TIyPZe4MgqvfeYDBFedMoGGpEw/LqOeaOT+nhxU+yHo=
github.com/gorilla/websocket v1.5.3 h1:saDtZ6Pbx/0u+bgYQ3q96pZgCzfhKXGPqt7kZ72aNNg=
github.com/gorilla/websocket v1.5.3/go.mod h1:YR8l580nyteQvAITg2hZ9XVh4b55+EU/adAjf1fMHhE=
github.com/ttrnecka/agent_poc v0.0.0-20250719142256-3331be8fe539 h1:zh8ybBJhPNGCvI6Bw9m1vl8n9GznoVQvFRATMeahdHs=
github.com/ttrnecka/agent_poc v0.0.0-20250719142256-3331be8fe539/go.mod h1:9ZxY1Q2tjU4O6DGVJ//BaFcT+PI9vu0mR6Ijcw9U8g8=
